Microsoft Visual Studio Solution File, Format Version 11.00
# Visual Studio 2008

Project("{0C37522E-D473-C265-BF40-99C03E4459A6}") = "Bad Barry Heroic Defense", "Assembly-CSharp.csproj", "{3C0C8527-6E1E-3DAB-0AF8-6344464096D2}"
EndProject
Global
	GlobalSection(SolutionConfigurationPlatforms) = preSolution
		Debug|Any CPU = Debug|Any CPU
		Release|Any CPU = Release|Any CPU
	EndGlobalSection
	GlobalSection(ProjectConfigurationPlatforms) = postSolution
		{3C0C8527-6E1E-3DAB-0AF8-6344464096D2}.Debug|Any CPU.ActiveCfg = Debug|Any CPU
		{3C0C8527-6E1E-3DAB-0AF8-6344464096D2}.Debug|Any CPU.Build.0 = Debug|Any CPU
		{3C0C8527-6E1E-3DAB-0AF8-6344464096D2}.Release|Any CPU.ActiveCfg = Release|Any CPU
		{3C0C8527-6E1E-3DAB-0AF8-6344464096D2}.Release|Any CPU.Build.0 = Release|Any CPU
	EndGlobalSection
	GlobalSection(SolutionProperties) = preSolution
		HideSolutionNode = FALSE
	EndGlobalSection
	GlobalSection(MonoDevelopProperties) = preSolution
		StartupItem = Assembly-CSharp.csproj
	EndGlobalSection
EndGlobal
